<?xml version="1.0" encoding="utf-8"?>
<Project ToolsVersion="4.0" xmlns="http://schemas.microsoft.com/developer/msbuild/2003">
  <ItemGroup>
    <Filter Include="Private">
      <UniqueIdentifier>{8927209a-cf36-4304-bd44-1fc253896cb0}</UniqueIdentifier>
    </Filter>
    <Filter Include="Public">
      <UniqueIdentifier>{e5c9323f-db25-4c65-916b-a9d32fb17c40}</UniqueIdentifier>
    </Filter>
    <Filter Include="Private\McRT">
      <UniqueIdentifier>{8d287d45-9503-46e0-9443-7f3c979d63d6}</UniqueIdentifier>
    </Filter>
    <Filter Include="Private\McRT\Posix">
      <UniqueIdentifier>{f35023c2-844c-436f-addc-4c1f6f07e018}</UniqueIdentifier>
    </Filter>
    <Filter Include="Public\McRT">
      <UniqueIdentifier>{7de5b5b1-92d7-4d2b-9363-f7d2078d8ebd}</UniqueIdentifier>
    </Filter>
    <Filter Include="Public\McRT\Posix">
      <UniqueIdentifier>{108d8c74-c00f-4b57-8efa-db93f9bf2d3a}</UniqueIdentifier>
    </Filter>
  </ItemGroup>
  <ItemGroup>
    <ClInclude Include="Source\Public\PTCommon.h">
      <Filter>Public</Filter>
    </ClInclude>
    <ClInclude Include="Source\Public\McRT\PTSCommon.h">
      <Filter>Public\McRT</Filter>
    </ClInclude>
    <ClInclude Include="Source\Public\McRT\PTSMemoryAllocator.h">
      <Filter>Public\McRT</Filter>
    </ClInclude>
    <ClInclude Include="Source\Public\McRT\PTSTaskScheduler.h">
      <Filter>Public\McRT</Filter>
    </ClInclude>
    <ClInclude Include="Source\Public\McRT\PTSThread.h">
      <Filter>Public\McRT</Filter>
    </ClInclude>
    <ClInclude Include="Source\Private\McRT\PTSTaskSchedulerImpl.h">
      <Filter>Private\McRT</Filter>
    </ClInclude>
    <ClInclude Include="Source\Public\McRT\PTSMemory.h">
      <Filter>Public\McRT</Filter>
    </ClInclude>
  </ItemGroup>
  <ItemGroup>
    <ClCompile Include="Source\Private\McRT\PTSMemoryAllocator.cpp">
      <Filter>Private\McRT</Filter>
    </ClCompile>
    <ClCompile Include="Source\Private\McRT\PTSTaskSchedulerImpl.cpp">
      <Filter>Private\McRT</Filter>
    </ClCompile>
    <ClCompile Include="Source\Private\McRT\Posix\PTSFileImpl_PosixAndroid.cpp">
      <Filter>Private\McRT\Posix</Filter>
    </ClCompile>
    <ClCompile Include="Source\Private\McRT\PTSConvUTF.cpp">
      <Filter>Private\McRT</Filter>
    </ClCompile>
    <ClCompile Include="Source\Private\McRT\PTSMemory.cpp">
      <Filter>Private\McRT</Filter>
    </ClCompile>
  </ItemGroup>
  <ItemGroup>
    <None Include="Source\Private\McRT\Posix\PTSMemoryAllocator.inl">
      <Filter>Private\McRT\Posix</Filter>
    </None>
    <None Include="Source\Public\McRT\Posix\PTSThread.inl">
      <Filter>Public\McRT\Posix</Filter>
    </None>
    <None Include="Source\Private\McRT\Posix\PTSTaskSchedulerImpl.inl">
      <Filter>Private\McRT\Posix</Filter>
    </None>
  </ItemGroup>
</Project>