
Microsoft Visual Studio Solution File, Format Version 12.00
# Visual Studio 15
VisualStudioVersion = 15.0.28307.1000
MinimumVisualStudioVersion = 10.0.40219.1
Project("{9A19103F-16F7-4668-BE54-9A1E7A4F7556}") = "Microsoft.Build.CPPTasks.Common", "Microsoft.Build.CPPTasks.Common\Microsoft.Build.CPPTasks.Common.csproj", "{7D48EBF4-DC06-4243-B2C9-C1993A681A8C}"
EndProject
Project("{9A19103F-16F7-4668-BE54-9A1E7A4F7556}") = "Microsoft.Build.Utilities.Extension", "Microsoft.Build.Utilities.Extension\Microsoft.Build.Utilities.Extension.csproj", "{6A453484-7F8C-430B-AE21-50C0B3C7B954}"
EndProject
Project("{9A19103F-16F7-4668-BE54-9A1E7A4F7556}") = "Tracker", "TrackerSDK\Tracker.csproj", "{B603D7EF-63F3-4F5A-A6D8-FB2705941A2D}"
EndProject
Global
	GlobalSection(SolutionConfigurationPlatforms) = preSolution
		Debug|Any CPU = Debug|Any CPU
		Release|Any CPU = Release|Any CPU
	EndGlobalSection
	GlobalSection(ProjectConfigurationPlatforms) = postSolution
		{7D48EBF4-DC06-4243-B2C9-C1993A681A8C}.Debug|Any CPU.ActiveCfg = Debug|Any CPU
		{7D48EBF4-DC06-4243-B2C9-C1993A681A8C}.Debug|Any CPU.Build.0 = Debug|Any CPU
		{7D48EBF4-DC06-4243-B2C9-C1993A681A8C}.Release|Any CPU.ActiveCfg = Release|Any CPU
		{7D48EBF4-DC06-4243-B2C9-C1993A681A8C}.Release|Any CPU.Build.0 = Release|Any CPU
		{6A453484-7F8C-430B-AE21-50C0B3C7B954}.Debug|Any CPU.ActiveCfg = Debug|Any CPU
		{6A453484-7F8C-430B-AE21-50C0B3C7B954}.Debug|Any CPU.Build.0 = Debug|Any CPU
		{6A453484-7F8C-430B-AE21-50C0B3C7B954}.Release|Any CPU.ActiveCfg = Release|Any CPU
		{6A453484-7F8C-430B-AE21-50C0B3C7B954}.Release|Any CPU.Build.0 = Release|Any CPU
		{B603D7EF-63F3-4F5A-A6D8-FB2705941A2D}.Debug|Any CPU.ActiveCfg = Debug|Any CPU
		{B603D7EF-63F3-4F5A-A6D8-FB2705941A2D}.Debug|Any CPU.Build.0 = Debug|Any CPU
		{B603D7EF-63F3-4F5A-A6D8-FB2705941A2D}.Release|Any CPU.ActiveCfg = Release|Any CPU
		{B603D7EF-63F3-4F5A-A6D8-FB2705941A2D}.Release|Any CPU.Build.0 = Release|Any CPU
	EndGlobalSection
	GlobalSection(SolutionProperties) = preSolution
		HideSolutionNode = FALSE
	EndGlobalSection
	GlobalSection(ExtensibilityGlobals) = postSolution
		SolutionGuid = {192F95A9-0841-4531-8177-D9C7D6134DF6}
	EndGlobalSection
EndGlobal
